PODS:
  - boost (1.76.0)
  - BVLinearGradient (2.8.3):
    - React-Core
  - Castle (3.0.13)
  - DoubleConversion (1.1.6)
  - FBLazyVector (0.72.1)
  - FBReactNativeSpec (0.72.1):
    - RCT-Folly (= 2021.07.22.00)
    - RCTRequired (= 0.72.1)
    - RCTTypeSafety (= 0.72.1)
    - React-Core (= 0.72.1)
    - React-jsi (= 0.72.1)
    - ReactCommon/turbomodule/core (= 0.72.1)
  - Firebase (10.20.0):
    - Firebase/Core (= 10.20.0)
  - Firebase/Core (10.20.0):
    - Firebase/CoreOnly
    - FirebaseAnalytics (~> 10.20.0)
  - Firebase/CoreOnly (10.20.0):
    - FirebaseCore (= 10.20.0)
  - Firebase/Messaging (10.20.0):
    - Firebase/CoreOnly
    - FirebaseMessaging (~> 10.20.0)
  - FirebaseAnalytics (10.20.0):
    - FirebaseAnalytics/AdIdSupport (= 10.20.0)
    - FirebaseCore (~> 10.0)
    - FirebaseInstallations (~> 10.0)
    - GoogleUtilities/AppDelegateSwizzler (~> 7.11)
    - GoogleUtilities/MethodSwizzler (~> 7.11)
    - GoogleUtilities/Network (~> 7.11)
    - "GoogleUtilities/NSData+zlib (~> 7.11)"
    - nanopb (< 2.30910.0, >= 2.30908.0)
  - FirebaseAnalytics/AdIdSupport (10.20.0):
    - FirebaseCore (~> 10.0)
    - FirebaseInstallations (~> 10.0)
    - GoogleAppMeasurement (= 10.20.0)
    - GoogleUtilities/AppDelegateSwizzler (~> 7.11)
    - GoogleUtilities/MethodSwizzler (~> 7.11)
    - GoogleUtilities/Network (~> 7.11)
    - "GoogleUtilities/NSData+zlib (~> 7.11)"
    - nanopb (< 2.30910.0, >= 2.30908.0)
  - FirebaseCore (10.20.0):
    - FirebaseCoreInternal (~> 10.0)
    - GoogleUtilities/Environment (~> 7.12)
    - GoogleUtilities/Logger (~> 7.12)
  - FirebaseCoreExtension (10.20.0):
    - FirebaseCore (~> 10.0)
  - FirebaseCoreInternal (10.29.0):
    - "GoogleUtilities/NSData+zlib (~> 7.8)"
  - FirebaseInstallations (10.29.0):
    - FirebaseCore (~> 10.0)
    - GoogleUtilities/Environment (~> 7.8)
    - GoogleUtilities/UserDefaults (~> 7.8)
    - PromisesObjC (~> 2.1)
  - FirebaseMessaging (10.20.0):
    - FirebaseCore (~> 10.0)
    - FirebaseInstallations (~> 10.0)
    - GoogleDataTransport (~> 9.3)
    - GoogleUtilities/AppDelegateSwizzler (~> 7.8)
    - GoogleUtilities/Environment (~> 7.8)
    - GoogleUtilities/Reachability (~> 7.8)
    - GoogleUtilities/UserDefaults (~> 7.8)
    - nanopb (< 2.30910.0, >= 2.30908.0)
  - fmt (6.2.1)
  - glog (0.3.5)
  - GoogleAppMeasurement (10.20.0):
    - GoogleAppMeasurement/AdIdSupport (= 10.20.0)
    - GoogleUtilities/AppDelegateSwizzler (~> 7.11)
    - GoogleUtilities/MethodSwizzler (~> 7.11)
    - GoogleUtilities/Network (~> 7.11)
    - "GoogleUtilities/NSData+zlib (~> 7.11)"
    - nanopb (< 2.30910.0, >= 2.30908.0)
  - GoogleAppMeasurement/AdIdSupport (10.20.0):
    - GoogleAppMeasurement/WithoutAdIdSupport (= 10.20.0)
    - GoogleUtilities/AppDelegateSwizzler (~> 7.11)
    - GoogleUtilities/MethodSwizzler (~> 7.11)
    - GoogleUtilities/Network (~> 7.11)
    - "GoogleUtilities/NSData+zlib (~> 7.11)"
    - nanopb (< 2.30910.0, >= 2.30908.0)
  - GoogleAppMeasurement/WithoutAdIdSupport (10.20.0):
    - GoogleUtilities/AppDelegateSwizzler (~> 7.11)
    - GoogleUtilities/MethodSwizzler (~> 7.11)
    - GoogleUtilities/Network (~> 7.11)
    - "GoogleUtilities/NSData+zlib (~> 7.11)"
    - nanopb (< 2.30910.0, >= 2.30908.0)
  - GoogleDataTransport (9.4.1):
    - GoogleUtilities/Environment (~> 7.7)
    - nanopb (< 2.30911.0, >= 2.30908.0)
    - PromisesObjC (< 3.0, >= 1.2)
  - GoogleUtilities (7.13.3):
    - GoogleUtilities/AppDelegateSwizzler (= 7.13.3)
    - GoogleUtilities/Environment (= 7.13.3)
    - GoogleUtilities/ISASwizzler (= 7.13.3)
    - GoogleUtilities/Logger (= 7.13.3)
    - GoogleUtilities/MethodSwizzler (= 7.13.3)
    - GoogleUtilities/Network (= 7.13.3)
    - "GoogleUtilities/NSData+zlib (= 7.13.3)"
    - GoogleUtilities/Privacy (= 7.13.3)
    - GoogleUtilities/Reachability (= 7.13.3)
    - GoogleUtilities/SwizzlerTestHelpers (= 7.13.3)
    - GoogleUtilities/UserDefaults (= 7.13.3)
  - GoogleUtilities/AppDelegateSwizzler (7.13.3):
    - GoogleUtilities/Environment
    - GoogleUtilities/Logger
    - GoogleUtilities/Network
    - GoogleUtilities/Privacy
  - GoogleUtilities/Environment (7.13.3):
    - GoogleUtilities/Privacy
    - PromisesObjC (< 3.0, >= 1.2)
  - GoogleUtilities/ISASwizzler (7.13.3):
    - GoogleUtilities/Privacy
  - GoogleUtilities/Logger (7.13.3):
    - GoogleUtilities/Environment
    - GoogleUtilities/Privacy
  - GoogleUtilities/MethodSwizzler (7.13.3):
    - GoogleUtilities/Logger
    - GoogleUtilities/Privacy
  - GoogleUtilities/Network (7.13.3):
    - GoogleUtilities/Logger
    - "GoogleUtilities/NSData+zlib"
    - GoogleUtilities/Privacy
    - GoogleUtilities/Reachability
  - "GoogleUtilities/NSData+zlib (7.13.3)":
    - GoogleUtilities/Privacy
  - GoogleUtilities/Privacy (7.13.3)
  - GoogleUtilities/Reachability (7.13.3):
    - GoogleUtilities/Logger
    - GoogleUtilities/Privacy
  - GoogleUtilities/SwizzlerTestHelpers (7.13.3):
    - GoogleUtilities/MethodSwizzler
  - GoogleUtilities/UserDefaults (7.13.3):
    - GoogleUtilities/Logger
    - GoogleUtilities/Privacy
  - hermes-engine (0.72.1):
    - hermes-engine/Pre-built (= 0.72.1)
  - hermes-engine/Pre-built (0.72.1)
  - HMSAnalyticsSDK (0.0.2)
  - HMSBroadcastExtensionSDK (0.0.9)
  - HMSHLSPlayerSDK (0.0.2):
    - HMSAnalyticsSDK (= 0.0.2)
  - HMSSDK (1.5.1):
    - HMSAnalyticsSDK (= 0.0.2)
    - HMSWebRTC (= 1.0.5116)
  - HMSWebRTC (1.0.5116)
  - libevent (2.1.12)
  - lottie-ios (4.4.3)
  - lottie-react-native (6.7.0):
    - lottie-ios (~> 4.4.1)
    - React-Core
  - MMKV (2.2.2):
    - MMKVCore (~> 2.2.2)
  - MMKVCore (2.2.2)
  - Mute (0.6.1)
  - nanopb (2.30909.1):
    - nanopb/decode (= 2.30909.1)
    - nanopb/encode (= 2.30909.1)
  - nanopb/decode (2.30909.1)
  - nanopb/encode (2.30909.1)
  - Permission-AppTrackingTransparency (3.10.1):
    - RNPermissions
  - Permission-BluetoothPeripheral (3.10.1):
    - RNPermissions
  - Permission-Calendars (3.10.1):
    - RNPermissions
  - Permission-Camera (3.10.1):
    - RNPermissions
  - Permission-Contacts (3.10.1):
    - RNPermissions
  - Permission-FaceID (3.10.1):
    - RNPermissions
  - Permission-LocationAlways (3.10.1):
    - RNPermissions
  - Permission-LocationWhenInUse (3.10.1):
    - RNPermissions
  - Permission-MediaLibrary (3.10.1):
    - RNPermissions
  - Permission-Microphone (3.10.1):
    - RNPermissions
  - Permission-Motion (3.10.1):
    - RNPermissions
  - Permission-Notifications (3.10.1):
    - RNPermissions
  - Permission-PhotoLibrary (3.10.1):
    - RNPermissions
  - Permission-Reminders (3.10.1):
    - RNPermissions
  - Permission-Siri (3.10.1):
    - RNPermissions
  - Permission-SpeechRecognition (3.10.1):
    - RNPermissions
  - Permission-StoreKit (3.10.1):
    - RNPermissions
  - PostHog (3.30.0)
  - posthog-react-native-session-replay (1.1.1):
    - PostHog (~> 3.21)
    - RCT-Folly (= 2021.07.22.00)
    - React-Core
  - PromisesObjC (2.4.0)
  - RCT-Folly (2021.07.22.00):
    - boost
    - DoubleConversion
    - fmt (~> 6.2.1)
    - glog
    - RCT-Folly/Default (= 2021.07.22.00)
  - RCT-Folly/Default (2021.07.22.00):
    - boost
    - DoubleConversion
    - fmt (~> 6.2.1)
    - glog
  - RCT-Folly/Futures (2021.07.22.00):
    - boost
    - DoubleConversion
    - fmt (~> 6.2.1)
    - glog
    - libevent
  - RCTRequired (0.72.1)
  - RCTTypeSafety (0.72.1):
    - FBLazyVector (= 0.72.1)
    - RCTRequired (= 0.72.1)
    - React-Core (= 0.72.1)
  - React (0.72.1):
    - React-Core (= 0.72.1)
    - React-Core/DevSupport (= 0.72.1)
    - React-Core/RCTWebSocket (= 0.72.1)
    - React-RCTActionSheet (= 0.72.1)
    - React-RCTAnimation (= 0.72.1)
    - React-RCTBlob (= 0.72.1)
    - React-RCTImage (= 0.72.1)
    - React-RCTLinking (= 0.72.1)
    - React-RCTNetwork (= 0.72.1)
    - React-RCTSettings (= 0.72.1)
    - React-RCTText (= 0.72.1)
    - React-RCTVibration (= 0.72.1)
  - React-callinvoker (0.72.1)
  - React-Codegen (0.72.1):
    - DoubleConversion
    - FBReactNativeSpec
    - glog
    - hermes-engine
    - RCT-Folly
    - RCTRequired
    - RCTTypeSafety
    - React-Core
    - React-jsi
    - React-jsiexecutor
    - React-NativeModulesApple
    - React-rncore
    - ReactCommon/turbomodule/bridging
    - ReactCommon/turbomodule/core
  - React-Core (0.72.1):
    - glog
    - hermes-engine
    - RCT-Folly (= 2021.07.22.00)
    - React-Core/Default (= 0.72.1)
    - React-cxxreact
    - React-hermes
    - React-jsi
    - React-jsiexecutor
    - React-perflogger
    - React-runtimeexecutor
    - React-utils
    - SocketRocket (= 0.6.1)
    - Yoga
  - React-Core/CoreModulesHeaders (0.72.1):
    - glog
    - hermes-engine
    - RCT-Folly (= 2021.07.22.00)
    - React-Core/Default
    - React-cxxreact
    - React-hermes
    - React-jsi
    - React-jsiexecutor
    - React-perflogger
    - React-runtimeexecutor
    - React-utils
    - SocketRocket (= 0.6.1)
    - Yoga
  - React-Core/Default (0.72.1):
    - glog
    - hermes-engine
    - RCT-Folly (= 2021.07.22.00)
    - React-cxxreact
    - React-hermes
    - React-jsi
    - React-jsiexecutor
    - React-perflogger
    - React-runtimeexecutor
    - React-utils
    - SocketRocket (= 0.6.1)
    - Yoga
  - React-Core/DevSupport (0.72.1):
    - glog
    - hermes-engine
    - RCT-Folly (= 2021.07.22.00)
    - React-Core/Default (= 0.72.1)
    - React-Core/RCTWebSocket (= 0.72.1)
    - React-cxxreact
    - React-hermes
    - React-jsi
    - React-jsiexecutor
    - React-jsinspector (= 0.72.1)
    - React-perflogger
    - React-runtimeexecutor
    - React-utils
    - SocketRocket (= 0.6.1)
    - Yoga
  - React-Core/RCTActionSheetHeaders (0.72.1):
    - glog
    - hermes-engine
    - RCT-Folly (= 2021.07.22.00)
    - React-Core/Default
    - React-cxxreact
    - React-hermes
    - React-jsi
    - React-jsiexecutor
    - React-perflogger
    - React-runtimeexecutor
    - React-utils
    - SocketRocket (= 0.6.1)
    - Yoga
  - React-Core/RCTAnimationHeaders (0.72.1):
    - glog
    - hermes-engine
    - RCT-Folly (= 2021.07.22.00)
    - React-Core/Default
    - React-cxxreact
    - React-hermes
    - React-jsi
    - React-jsiexecutor
    - React-perflogger
    - React-runtimeexecutor
    - React-utils
    - SocketRocket (= 0.6.1)
    - Yoga
  - React-Core/RCTBlobHeaders (0.72.1):
    - glog
    - hermes-engine
    - RCT-Folly (= 2021.07.22.00)
    - React-Core/Default
    - React-cxxreact
    - React-hermes
    - React-jsi
    - React-jsiexecutor
    - React-perflogger
    - React-runtimeexecutor
    - React-utils
    - SocketRocket (= 0.6.1)
    - Yoga
  - React-Core/RCTImageHeaders (0.72.1):
    - glog
    - hermes-engine
    - RCT-Folly (= 2021.07.22.00)
    - React-Core/Default
    - React-cxxreact
    - React-hermes
    - React-jsi
    - React-jsiexecutor
    - React-perflogger
    - React-runtimeexecutor
    - React-utils
    - SocketRocket (= 0.6.1)
    - Yoga
  - React-Core/RCTLinkingHeaders (0.72.1):
    - glog
    - hermes-engine
    - RCT-Folly (= 2021.07.22.00)
    - React-Core/Default
    - React-cxxreact
    - React-hermes
    - React-jsi
    - React-jsiexecutor
    - React-perflogger
    - React-runtimeexecutor
    - React-utils
    - SocketRocket (= 0.6.1)
    - Yoga
  - React-Core/RCTNetworkHeaders (0.72.1):
    - glog
    - hermes-engine
    - RCT-Folly (= 2021.07.22.00)
    - React-Core/Default
    - React-cxxreact
    - React-hermes
    - React-jsi
    - React-jsiexecutor
    - React-perflogger
    - React-runtimeexecutor
    - React-utils
    - SocketRocket (= 0.6.1)
    - Yoga
  - React-Core/RCTSettingsHeaders (0.72.1):
    - glog
    - hermes-engine
    - RCT-Folly (= 2021.07.22.00)
    - React-Core/Default
    - React-cxxreact
    - React-hermes
    - React-jsi
    - React-jsiexecutor
    - React-perflogger
    - React-runtimeexecutor
    - React-utils
    - SocketRocket (= 0.6.1)
    - Yoga
  - React-Core/RCTTextHeaders (0.72.1):
    - glog
    - hermes-engine
    - RCT-Folly (= 2021.07.22.00)
    - React-Core/Default
    - React-cxxreact
    - React-hermes
    - React-jsi
    - React-jsiexecutor
    - React-perflogger
    - React-runtimeexecutor
    - React-utils
    - SocketRocket (= 0.6.1)
    - Yoga
  - React-Core/RCTVibrationHeaders (0.72.1):
    - glog
    - hermes-engine
    - RCT-Folly (= 2021.07.22.00)
    - React-Core/Default
    - React-cxxreact
    - React-hermes
    - React-jsi
    - React-jsiexecutor
    - React-perflogger
    - React-runtimeexecutor
    - React-utils
    - SocketRocket (= 0.6.1)
    - Yoga
  - React-Core/RCTWebSocket (0.72.1):
    - glog
    - hermes-engine
    - RCT-Folly (= 2021.07.22.00)
    - React-Core/Default (= 0.72.1)
    - React-cxxreact
    - React-hermes
    - React-jsi
    - React-jsiexecutor
    - React-perflogger
    - React-runtimeexecutor
    - React-utils
    - SocketRocket (= 0.6.1)
    - Yoga
  - React-CoreModules (0.72.1):
    - RCT-Folly (= 2021.07.22.00)
    - RCTTypeSafety (= 0.72.1)
    - React-Codegen (= 0.72.1)
    - React-Core/CoreModulesHeaders (= 0.72.1)
    - React-jsi (= 0.72.1)
    - React-RCTBlob
    - React-RCTImage (= 0.72.1)
    - ReactCommon/turbomodule/core (= 0.72.1)
    - SocketRocket (= 0.6.1)
  - React-cxxreact (0.72.1):
    - boost (= 1.76.0)
    - DoubleConversion
    - glog
    - hermes-engine
    - RCT-Folly (= 2021.07.22.00)
    - React-callinvoker (= 0.72.1)
    - React-jsi (= 0.72.1)
    - React-jsinspector (= 0.72.1)
    - React-logger (= 0.72.1)
    - React-perflogger (= 0.72.1)
    - React-runtimeexecutor (= 0.72.1)
  - React-debug (0.72.1)
  - React-hermes (0.72.1):
    - DoubleConversion
    - glog
    - hermes-engine
    - RCT-Folly (= 2021.07.22.00)
    - RCT-Folly/Futures (= 2021.07.22.00)
    - React-cxxreact (= 0.72.1)
    - React-jsi
    - React-jsiexecutor (= 0.72.1)
    - React-jsinspector (= 0.72.1)
    - React-perflogger (= 0.72.1)
  - React-jsi (0.72.1):
    - boost (= 1.76.0)
    - DoubleConversion
    - glog
    - hermes-engine
    - RCT-Folly (= 2021.07.22.00)
  - React-jsiexecutor (0.72.1):
    - DoubleConversion
    - glog
    - hermes-engine
    - RCT-Folly (= 2021.07.22.00)
    - React-cxxreact (= 0.72.1)
    - React-jsi (= 0.72.1)
    - React-perflogger (= 0.72.1)
  - React-jsinspector (0.72.1)
  - React-logger (0.72.1):
    - glog
  - react-native-castle (2.1.1):
    - Castle (= 3.0.13)
    - React-Core
  - react-native-compressor (1.8.24):
    - RCT-Folly (= 2021.07.22.00)
    - React-Core
  - react-native-contacts (7.0.8):
    - React-Core
  - react-native-get-random-values (1.11.0):
    - React-Core
  - react-native-hms (1.9.11):
    - HMSBroadcastExtensionSDK (= 0.0.9)
    - HMSHLSPlayerSDK (= 0.0.2)
    - HMSSDK (= 1.5.1)
    - React-Core
  - react-native-image-picker (5.7.0):
    - React-Core
  - react-native-mmkv (2.12.1):
    - MMKV (>= 1.3.3)
    - React-Core
  - react-native-netinfo (11.4.1):
    - React-Core
  - react-native-orientation-locker (1.6.0):
    - React-Core
  - react-native-pager-view (6.2.3):
    - RCT-Folly (= 2021.07.22.00)
    - React-Core
  - react-native-progress-bar-android (1.0.5):
    - React
  - react-native-progress-view (1.5.0):
    - React-Core
  - react-native-safe-area-context (4.9.0):
    - React-Core
  - react-native-video (5.2.1):
    - React-Core
    - react-native-video/Video (= 5.2.1)
  - react-native-video/Video (5.2.1):
    - React-Core
  - react-native-volume-manager (1.10.0):
    - Mute
    - React-Core
  - react-native-webview (13.8.1):
    - RCT-Folly (= 2021.07.22.00)
    - React-Core
  - React-NativeModulesApple (0.72.1):
    - hermes-engine
    - React-callinvoker
    - React-Core
    - React-cxxreact
    - React-jsi
    - React-runtimeexecutor
    - ReactCommon/turbomodule/bridging
    - ReactCommon/turbomodule/core
  - React-perflogger (0.72.1)
  - React-RCTActionSheet (0.72.1):
    - React-Core/RCTActionSheetHeaders (= 0.72.1)
  - React-RCTAnimation (0.72.1):
    - RCT-Folly (= 2021.07.22.00)
    - RCTTypeSafety (= 0.72.1)
    - React-Codegen (= 0.72.1)
    - React-Core/RCTAnimationHeaders (= 0.72.1)
    - React-jsi (= 0.72.1)
    - ReactCommon/turbomodule/core (= 0.72.1)
  - React-RCTAppDelegate (0.72.1):
    - RCT-Folly
    - RCTRequired
    - RCTTypeSafety
    - React-Core
    - React-CoreModules
    - React-hermes
    - React-NativeModulesApple
    - React-RCTImage
    - React-RCTNetwork
    - React-runtimescheduler
    - ReactCommon/turbomodule/core
  - React-RCTBlob (0.72.1):
    - hermes-engine
    - RCT-Folly (= 2021.07.22.00)
    - React-Codegen (= 0.72.1)
    - React-Core/RCTBlobHeaders (= 0.72.1)
    - React-Core/RCTWebSocket (= 0.72.1)
    - React-jsi (= 0.72.1)
    - React-RCTNetwork (= 0.72.1)
    - ReactCommon/turbomodule/core (= 0.72.1)
  - React-RCTImage (0.72.1):
    - RCT-Folly (= 2021.07.22.00)
    - RCTTypeSafety (= 0.72.1)
    - React-Codegen (= 0.72.1)
    - React-Core/RCTImageHeaders (= 0.72.1)
    - React-jsi (= 0.72.1)
    - React-RCTNetwork (= 0.72.1)
    - ReactCommon/turbomodule/core (= 0.72.1)
  - React-RCTLinking (0.72.1):
    - React-Codegen (= 0.72.1)
    - React-Core/RCTLinkingHeaders (= 0.72.1)
    - React-jsi (= 0.72.1)
    - ReactCommon/turbomodule/core (= 0.72.1)
  - React-RCTNetwork (0.72.1):
    - RCT-Folly (= 2021.07.22.00)
    - RCTTypeSafety (= 0.72.1)
    - React-Codegen (= 0.72.1)
    - React-Core/RCTNetworkHeaders (= 0.72.1)
    - React-jsi (= 0.72.1)
    - ReactCommon/turbomodule/core (= 0.72.1)
  - React-RCTSettings (0.72.1):
    - RCT-Folly (= 2021.07.22.00)
    - RCTTypeSafety (= 0.72.1)
    - React-Codegen (= 0.72.1)
    - React-Core/RCTSettingsHeaders (= 0.72.1)
    - React-jsi (= 0.72.1)
    - ReactCommon/turbomodule/core (= 0.72.1)
  - React-RCTText (0.72.1):
    - React-Core/RCTTextHeaders (= 0.72.1)
  - React-RCTVibration (0.72.1):
    - RCT-Folly (= 2021.07.22.00)
    - React-Codegen (= 0.72.1)
    - React-Core/RCTVibrationHeaders (= 0.72.1)
    - React-jsi (= 0.72.1)
    - ReactCommon/turbomodule/core (= 0.72.1)
  - React-rncore (0.72.1)
  - React-runtimeexecutor (0.72.1):
    - React-jsi (= 0.72.1)
  - React-runtimescheduler (0.72.1):
    - glog
    - hermes-engine
    - RCT-Folly (= 2021.07.22.00)
    - React-callinvoker
    - React-debug
    - React-jsi
    - React-runtimeexecutor
  - React-utils (0.72.1):
    - glog
    - RCT-Folly (= 2021.07.22.00)
    - React-debug
  - ReactCommon/turbomodule/bridging (0.72.1):
    - DoubleConversion
    - glog
    - hermes-engine
    - RCT-Folly (= 2021.07.22.00)
    - React-callinvoker (= 0.72.1)
    - React-cxxreact (= 0.72.1)
    - React-jsi (= 0.72.1)
    - React-logger (= 0.72.1)
    - React-perflogger (= 0.72.1)
  - ReactCommon/turbomodule/core (0.72.1):
    - DoubleConversion
    - glog
    - hermes-engine
    - RCT-Folly (= 2021.07.22.00)
    - React-callinvoker (= 0.72.1)
    - React-cxxreact (= 0.72.1)
    - React-jsi (= 0.72.1)
    - React-logger (= 0.72.1)
    - React-perflogger (= 0.72.1)
  - RNCAsyncStorage (1.22.2):
    - React-Core
  - RNCMaskedView (0.2.9):
    - React-Core
  - RNDateTimePicker (7.6.2):
    - React-Core
  - RNDeviceInfo (14.0.4):
    - React-Core
  - RNFBApp (18.9.0):
    - Firebase/CoreOnly (= 10.20.0)
    - React-Core
  - RNFBMessaging (18.9.0):
    - Firebase/Messaging (= 10.20.0)
    - FirebaseCoreExtension (= 10.20.0)
    - React-Core
    - RNFBApp
  - RNFlashList (1.6.4):
    - React-Core
  - RNGestureHandler (2.15.0):
    - RCT-Folly (= 2021.07.22.00)
    - React-Core
  - RNLocalize (3.5.1):
    - React-Core
  - RNNotifee (7.8.2):
    - React-Core
    - RNNotifee/NotifeeCore (= 7.8.2)
  - RNNotifee/NotifeeCore (7.8.2):
    - React-Core
  - RNPermissions (3.10.1):
    - React-Core
  - RNReanimated (3.7.1):
    - RCT-Folly (= 2021.07.22.00)
    - React-Core
    - ReactCommon/turbomodule/core
  - RNScreens (3.29.0):
    - RCT-Folly (= 2021.07.22.00)
    - React-Core
  - RNSound (0.11.2):
    - React-Core
    - RNSound/Core (= 0.11.2)
  - RNSound/Core (0.11.2):
    - React-Core
  - RNSVG (13.14.0):
    - React-Core
  - SocketRocket (0.6.1)
  - Yoga (1.14.0)

DEPENDENCIES:
  - boost (from `../node_modules/react-native/third-party-podspecs/boost.podspec`)
  - BVLinearGradient (from `../node_modules/react-native-linear-gradient`)
  - DoubleConversion (from `../node_modules/react-native/third-party-podspecs/DoubleConversion.podspec`)
  - FBLazyVector (from `../node_modules/react-native/Libraries/FBLazyVector`)
  - FBReactNativeSpec (from `../node_modules/react-native/React/FBReactNativeSpec`)
  - Firebase
  - FirebaseCore
  - FirebaseCoreInternal
  - glog (from `../node_modules/react-native/third-party-podspecs/glog.podspec`)
  - GoogleUtilities
  - hermes-engine (from `../node_modules/react-native/sdks/hermes-engine/hermes-engine.podspec`)
  - libevent (~> 2.1.12)
  - lottie-react-native (from `../node_modules/lottie-react-native`)
  - Permission-AppTrackingTransparency (from `../node_modules/react-native-permissions/ios/AppTrackingTransparency/Permission-AppTrackingTransparency.podspec`)
  - Permission-BluetoothPeripheral (from `../node_modules/react-native-permissions/ios/BluetoothPeripheral/Permission-BluetoothPeripheral.podspec`)
  - Permission-Calendars (from `../node_modules/react-native-permissions/ios/Calendars/Permission-Calendars.podspec`)
  - Permission-Camera (from `../node_modules/react-native-permissions/ios/Camera/Permission-Camera.podspec`)
  - Permission-Contacts (from `../node_modules/react-native-permissions/ios/Contacts/Permission-Contacts.podspec`)
  - Permission-FaceID (from `../node_modules/react-native-permissions/ios/FaceID/Permission-FaceID.podspec`)
  - Permission-LocationAlways (from `../node_modules/react-native-permissions/ios/LocationAlways/Permission-LocationAlways.podspec`)
  - Permission-LocationWhenInUse (from `../node_modules/react-native-permissions/ios/LocationWhenInUse/Permission-LocationWhenInUse.podspec`)
  - Permission-MediaLibrary (from `../node_modules/react-native-permissions/ios/MediaLibrary/Permission-MediaLibrary.podspec`)
  - Permission-Microphone (from `../node_modules/react-native-permissions/ios/Microphone/Permission-Microphone.podspec`)
  - Permission-Motion (from `../node_modules/react-native-permissions/ios/Motion/Permission-Motion.podspec`)
  - Permission-Notifications (from `../node_modules/react-native-permissions/ios/Notifications/Permission-Notifications.podspec`)
  - Permission-PhotoLibrary (from `../node_modules/react-native-permissions/ios/PhotoLibrary/Permission-PhotoLibrary.podspec`)
  - Permission-Reminders (from `../node_modules/react-native-permissions/ios/Reminders/Permission-Reminders.podspec`)
  - Permission-Siri (from `../node_modules/react-native-permissions/ios/Siri/Permission-Siri.podspec`)
  - Permission-SpeechRecognition (from `../node_modules/react-native-permissions/ios/SpeechRecognition/Permission-SpeechRecognition.podspec`)
  - Permission-StoreKit (from `../node_modules/react-native-permissions/ios/StoreKit/Permission-StoreKit.podspec`)
  - posthog-react-native-session-replay (from `../node_modules/posthog-react-native-session-replay`)
  - RCT-Folly (from `../node_modules/react-native/third-party-podspecs/RCT-Folly.podspec`)
  - RCTRequired (from `../node_modules/react-native/Libraries/RCTRequired`)
  - RCTTypeSafety (from `../node_modules/react-native/Libraries/TypeSafety`)
  - React (from `../node_modules/react-native/`)
  - React-callinvoker (from `../node_modules/react-native/ReactCommon/callinvoker`)
  - React-Codegen (from `build/generated/ios`)
  - React-Core (from `../node_modules/react-native/`)
  - React-Core/RCTWebSocket (from `../node_modules/react-native/`)
  - React-CoreModules (from `../node_modules/react-native/React/CoreModules`)
  - React-cxxreact (from `../node_modules/react-native/ReactCommon/cxxreact`)
  - React-debug (from `../node_modules/react-native/ReactCommon/react/debug`)
  - React-hermes (from `../node_modules/react-native/ReactCommon/hermes`)
  - React-jsi (from `../node_modules/react-native/ReactCommon/jsi`)
  - React-jsiexecutor (from `../node_modules/react-native/ReactCommon/jsiexecutor`)
  - React-jsinspector (from `../node_modules/react-native/ReactCommon/jsinspector`)
  - React-logger (from `../node_modules/react-native/ReactCommon/logger`)
  - "react-native-castle (from `../node_modules/@castleio/react-native-castle`)"
  - react-native-compressor (from `../node_modules/react-native-compressor`)
  - react-native-contacts (from `../node_modules/react-native-contacts`)
  - react-native-get-random-values (from `../node_modules/react-native-get-random-values`)
  - "react-native-hms (from `../node_modules/@100mslive/react-native-hms`)"
  - react-native-image-picker (from `../node_modules/react-native-image-picker`)
  - react-native-mmkv (from `../node_modules/react-native-mmkv`)
  - "react-native-netinfo (from `../node_modules/@react-native-community/netinfo`)"
  - react-native-orientation-locker (from `../node_modules/react-native-orientation-locker`)
  - react-native-pager-view (from `../node_modules/react-native-pager-view`)
  - "react-native-progress-bar-android (from `../node_modules/@react-native-community/progress-bar-android`)"
  - "react-native-progress-view (from `../node_modules/@react-native-community/progress-view`)"
  - react-native-safe-area-context (from `../node_modules/react-native-safe-area-context`)
  - react-native-video (from `../node_modules/react-native-video`)
  - react-native-volume-manager (from `../node_modules/react-native-volume-manager`)
  - react-native-webview (from `../node_modules/react-native-webview`)
  - React-NativeModulesApple (from `../node_modules/react-native/ReactCommon/react/nativemodule/core/platform/ios`)
  - React-perflogger (from `../node_modules/react-native/ReactCommon/reactperflogger`)
  - React-RCTActionSheet (from `../node_modules/react-native/Libraries/ActionSheetIOS`)
  - React-RCTAnimation (from `../node_modules/react-native/Libraries/NativeAnimation`)
  - React-RCTAppDelegate (from `../node_modules/react-native/Libraries/AppDelegate`)
  - React-RCTBlob (from `../node_modules/react-native/Libraries/Blob`)
  - React-RCTImage (from `../node_modules/react-native/Libraries/Image`)
  - React-RCTLinking (from `../node_modules/react-native/Libraries/LinkingIOS`)
  - React-RCTNetwork (from `../node_modules/react-native/Libraries/Network`)
  - React-RCTSettings (from `../node_modules/react-native/Libraries/Settings`)
  - React-RCTText (from `../node_modules/react-native/Libraries/Text`)
  - React-RCTVibration (from `../node_modules/react-native/Libraries/Vibration`)
  - React-rncore (from `../node_modules/react-native/ReactCommon`)
  - React-runtimeexecutor (from `../node_modules/react-native/ReactCommon/runtimeexecutor`)
  - React-runtimescheduler (from `../node_modules/react-native/ReactCommon/react/renderer/runtimescheduler`)
  - React-utils (from `../node_modules/react-native/ReactCommon/react/utils`)
  - ReactCommon/turbomodule/core (from `../node_modules/react-native/ReactCommon`)
  - "RNCAsyncStorage (from `../node_modules/@react-native-async-storage/async-storage`)"
  - "RNCMaskedView (from `../node_modules/@react-native-masked-view/masked-view`)"
  - "RNDateTimePicker (from `../node_modules/@react-native-community/datetimepicker`)"
  - RNDeviceInfo (from `../node_modules/react-native-device-info`)
  - "RNFBApp (from `../node_modules/@react-native-firebase/app`)"
  - "RNFBMessaging (from `../node_modules/@react-native-firebase/messaging`)"
  - "RNFlashList (from `../node_modules/@shopify/flash-list`)"
  - RNGestureHandler (from `../node_modules/react-native-gesture-handler`)
  - RNLocalize (from `../node_modules/react-native-localize`)
  - "RNNotifee (from `../node_modules/@notifee/react-native`)"
  - RNPermissions (from `../node_modules/react-native-permissions`)
  - RNReanimated (from `../node_modules/react-native-reanimated`)
  - RNScreens (from `../node_modules/react-native-screens`)
  - RNSound (from `../node_modules/react-native-sound`)
  - RNSVG (from `../node_modules/react-native-svg`)
  - Yoga (from `../node_modules/react-native/ReactCommon/yoga`)

SPEC REPOS:
  trunk:
    - Castle
    - Firebase
    - FirebaseAnalytics
    - FirebaseCore
    - FirebaseCoreExtension
    - FirebaseCoreInternal
    - FirebaseInstallations
    - FirebaseMessaging
    - fmt
    - GoogleAppMeasurement
    - GoogleDataTransport
    - GoogleUtilities
    - HMSAnalyticsSDK
    - HMSBroadcastExtensionSDK
    - HMSHLSPlayerSDK
    - HMSSDK
    - HMSWebRTC
    - libevent
    - lottie-ios
    - MMKV
    - MMKVCore
    - Mute
    - nanopb
    - PostHog
    - PromisesObjC
    - SocketRocket

EXTERNAL SOURCES:
  boost:
    :podspec: "../node_modules/react-native/third-party-podspecs/boost.podspec"
  BVLinearGradient:
    :path: "../node_modules/react-native-linear-gradient"
  DoubleConversion:
    :podspec: "../node_modules/react-native/third-party-podspecs/DoubleConversion.podspec"
  FBLazyVector:
    :path: "../node_modules/react-native/Libraries/FBLazyVector"
  FBReactNativeSpec:
    :path: "../node_modules/react-native/React/FBReactNativeSpec"
  glog:
    :podspec: "../node_modules/react-native/third-party-podspecs/glog.podspec"
  hermes-engine:
    :podspec: "../node_modules/react-native/sdks/hermes-engine/hermes-engine.podspec"
    :tag: hermes-2023-03-20-RNv0.72.0-49794cfc7c81fb8f69fd60c3bbf85a7480cc5a77
  lottie-react-native:
    :path: "../node_modules/lottie-react-native"
  Permission-AppTrackingTransparency:
    :path: "../node_modules/react-native-permissions/ios/AppTrackingTransparency/Permission-AppTrackingTransparency.podspec"
  Permission-BluetoothPeripheral:
    :path: "../node_modules/react-native-permissions/ios/BluetoothPeripheral/Permission-BluetoothPeripheral.podspec"
  Permission-Calendars:
    :path: "../node_modules/react-native-permissions/ios/Calendars/Permission-Calendars.podspec"
  Permission-Camera:
    :path: "../node_modules/react-native-permissions/ios/Camera/Permission-Camera.podspec"
  Permission-Contacts:
    :path: "../node_modules/react-native-permissions/ios/Contacts/Permission-Contacts.podspec"
  Permission-FaceID:
    :path: "../node_modules/react-native-permissions/ios/FaceID/Permission-FaceID.podspec"
  Permission-LocationAlways:
    :path: "../node_modules/react-native-permissions/ios/LocationAlways/Permission-LocationAlways.podspec"
  Permission-LocationWhenInUse:
    :path: "../node_modules/react-native-permissions/ios/LocationWhenInUse/Permission-LocationWhenInUse.podspec"
  Permission-MediaLibrary:
    :path: "../node_modules/react-native-permissions/ios/MediaLibrary/Permission-MediaLibrary.podspec"
  Permission-Microphone:
    :path: "../node_modules/react-native-permissions/ios/Microphone/Permission-Microphone.podspec"
  Permission-Motion:
    :path: "../node_modules/react-native-permissions/ios/Motion/Permission-Motion.podspec"
  Permission-Notifications:
    :path: "../node_modules/react-native-permissions/ios/Notifications/Permission-Notifications.podspec"
  Permission-PhotoLibrary:
    :path: "../node_modules/react-native-permissions/ios/PhotoLibrary/Permission-PhotoLibrary.podspec"
  Permission-Reminders:
    :path: "../node_modules/react-native-permissions/ios/Reminders/Permission-Reminders.podspec"
  Permission-Siri:
    :path: "../node_modules/react-native-permissions/ios/Siri/Permission-Siri.podspec"
  Permission-SpeechRecognition:
    :path: "../node_modules/react-native-permissions/ios/SpeechRecognition/Permission-SpeechRecognition.podspec"
  Permission-StoreKit:
    :path: "../node_modules/react-native-permissions/ios/StoreKit/Permission-StoreKit.podspec"
  posthog-react-native-session-replay:
    :path: "../node_modules/posthog-react-native-session-replay"
  RCT-Folly:
    :podspec: "../node_modules/react-native/third-party-podspecs/RCT-Folly.podspec"
  RCTRequired:
    :path: "../node_modules/react-native/Libraries/RCTRequired"
  RCTTypeSafety:
    :path: "../node_modules/react-native/Libraries/TypeSafety"
  React:
    :path: "../node_modules/react-native/"
  React-callinvoker:
    :path: "../node_modules/react-native/ReactCommon/callinvoker"
  React-Codegen:
    :path: build/generated/ios
  React-Core:
    :path: "../node_modules/react-native/"
  React-CoreModules:
    :path: "../node_modules/react-native/React/CoreModules"
  React-cxxreact:
    :path: "../node_modules/react-native/ReactCommon/cxxreact"
  React-debug:
    :path: "../node_modules/react-native/ReactCommon/react/debug"
  React-hermes:
    :path: "../node_modules/react-native/ReactCommon/hermes"
  React-jsi:
    :path: "../node_modules/react-native/ReactCommon/jsi"
  React-jsiexecutor:
    :path: "../node_modules/react-native/ReactCommon/jsiexecutor"
  React-jsinspector:
    :path: "../node_modules/react-native/ReactCommon/jsinspector"
  React-logger:
    :path: "../node_modules/react-native/ReactCommon/logger"
  react-native-castle:
    :path: "../node_modules/@castleio/react-native-castle"
  react-native-compressor:
    :path: "../node_modules/react-native-compressor"
  react-native-contacts:
    :path: "../node_modules/react-native-contacts"
  react-native-get-random-values:
    :path: "../node_modules/react-native-get-random-values"
  react-native-hms:
    :path: "../node_modules/@100mslive/react-native-hms"
  react-native-image-picker:
    :path: "../node_modules/react-native-image-picker"
  react-native-mmkv:
    :path: "../node_modules/react-native-mmkv"
  react-native-netinfo:
    :path: "../node_modules/@react-native-community/netinfo"
  react-native-orientation-locker:
    :path: "../node_modules/react-native-orientation-locker"
  react-native-pager-view:
    :path: "../node_modules/react-native-pager-view"
  react-native-progress-bar-android:
    :path: "../node_modules/@react-native-community/progress-bar-android"
  react-native-progress-view:
    :path: "../node_modules/@react-native-community/progress-view"
  react-native-safe-area-context:
    :path: "../node_modules/react-native-safe-area-context"
  react-native-video:
    :path: "../node_modules/react-native-video"
  react-native-volume-manager:
    :path: "../node_modules/react-native-volume-manager"
  react-native-webview:
    :path: "../node_modules/react-native-webview"
  React-NativeModulesApple:
    :path: "../node_modules/react-native/ReactCommon/react/nativemodule/core/platform/ios"
  React-perflogger:
    :path: "../node_modules/react-native/ReactCommon/reactperflogger"
  React-RCTActionSheet:
    :path: "../node_modules/react-native/Libraries/ActionSheetIOS"
  React-RCTAnimation:
    :path: "../node_modules/react-native/Libraries/NativeAnimation"
  React-RCTAppDelegate:
    :path: "../node_modules/react-native/Libraries/AppDelegate"
  React-RCTBlob:
    :path: "../node_modules/react-native/Libraries/Blob"
  React-RCTImage:
    :path: "../node_modules/react-native/Libraries/Image"
  React-RCTLinking:
    :path: "../node_modules/react-native/Libraries/LinkingIOS"
  React-RCTNetwork:
    :path: "../node_modules/react-native/Libraries/Network"
  React-RCTSettings:
    :path: "../node_modules/react-native/Libraries/Settings"
  React-RCTText:
    :path: "../node_modules/react-native/Libraries/Text"
  React-RCTVibration:
    :path: "../node_modules/react-native/Libraries/Vibration"
  React-rncore:
    :path: "../node_modules/react-native/ReactCommon"
  React-runtimeexecutor:
    :path: "../node_modules/react-native/ReactCommon/runtimeexecutor"
  React-runtimescheduler:
    :path: "../node_modules/react-native/ReactCommon/react/renderer/runtimescheduler"
  React-utils:
    :path: "../node_modules/react-native/ReactCommon/react/utils"
  ReactCommon:
    :path: "../node_modules/react-native/ReactCommon"
  RNCAsyncStorage:
    :path: "../node_modules/@react-native-async-storage/async-storage"
  RNCMaskedView:
    :path: "../node_modules/@react-native-masked-view/masked-view"
  RNDateTimePicker:
    :path: "../node_modules/@react-native-community/datetimepicker"
  RNDeviceInfo:
    :path: "../node_modules/react-native-device-info"
  RNFBApp:
    :path: "../node_modules/@react-native-firebase/app"
  RNFBMessaging:
    :path: "../node_modules/@react-native-firebase/messaging"
  RNFlashList:
    :path: "../node_modules/@shopify/flash-list"
  RNGestureHandler:
    :path: "../node_modules/react-native-gesture-handler"
  RNLocalize:
    :path: "../node_modules/react-native-localize"
  RNNotifee:
    :path: "../node_modules/@notifee/react-native"
  RNPermissions:
    :path: "../node_modules/react-native-permissions"
  RNReanimated:
    :path: "../node_modules/react-native-reanimated"
  RNScreens:
    :path: "../node_modules/react-native-screens"
  RNSound:
    :path: "../node_modules/react-native-sound"
  RNSVG:
    :path: "../node_modules/react-native-svg"
  Yoga:
    :path: "../node_modules/react-native/ReactCommon/yoga"

SPEC CHECKSUMS:
  boost: 7dcd2de282d72e344012f7d6564d024930a6a440
  BVLinearGradient: cb006ba232a1f3e4f341bb62c42d1098c284da70
  Castle: 4ed38c385a67478ed200ca1c374cd03855c90c22
  DoubleConversion: 5189b271737e1565bdce30deb4a08d647e3f5f54
  FBLazyVector: 55cd4593d570bd9e5e227488d637ce6a9581ce51
  FBReactNativeSpec: 799b0e1a1561699cd0e424e24fe5624da38402f0
  Firebase: 10c8cb12fb7ad2ae0c09ffc86cd9c1ab392a0031
  FirebaseAnalytics: a2731bf3670747ce8f65368b118d18aa8e368246
  FirebaseCore: 28045c1560a2600d284b9c45a904fe322dc890b6
  FirebaseCoreExtension: 0659f035b88c5a7a15a9763c48c2e6ca8c0a2977
  FirebaseCoreInternal: df84dd300b561c27d5571684f389bf60b0a5c934
  FirebaseInstallations: 913cf60d0400ebd5d6b63a28b290372ab44590dd
  FirebaseMessaging: 06c414a21b122396a26847c523d5c370f8325df5
  fmt: ff9d55029c625d3757ed641535fd4a75fedc7ce9
  glog: 04b94705f318337d7ead9e6d17c019bd9b1f6b1b
  GoogleAppMeasurement: bb3c564c3efb933136af0e94899e0a46167466a8
  GoogleDataTransport: 6c09b596d841063d76d4288cc2d2f42cc36e1e2a
  GoogleUtilities: ea963c370a38a8069cc5f7ba4ca849a60b6d7d15
  hermes-engine: 9df83855a0fd15ef8eb61694652bae636b0c466e
  HMSAnalyticsSDK: 4d2a88a729b1eb42f3d25f217c28937ec318a5b7
  HMSBroadcastExtensionSDK: d80fe325f6c928bd8e5176290b5a4b7ae15d6fbb
  HMSHLSPlayerSDK: 6a54ad4d12f3dc2270d1ecd24019d71282a4f6a3
  HMSSDK: ab468de17246fcc8d6315ea490e9d9b30431d6b3
  HMSWebRTC: ae54e9dd91b869051b283b43b14f57d43b7bf8e1
  libevent: 4049cae6c81cdb3654a443be001fb9bdceff7913
  lottie-ios: fcb5e73e17ba4c983140b7d21095c834b3087418
  lottie-react-native: 07314bb59b3c573f609af9fb8a08b9ae3cf143dd
  MMKV: b4802ebd5a7c68fc0c4a5ccb4926fbdfb62d68e0
  MMKVCore: a255341a3746955f50da2ad9121b18cb2b346e61
  Mute: 20135a96076f140cc82bfc8b810e2d6150d8ec7e
  nanopb: d4d75c12cd1316f4a64e3c6963f879ecd4b5e0d5
  Permission-AppTrackingTransparency: d56362380618d838eb7aee943c8b78531313d3dd
  Permission-BluetoothPeripheral: 34ab829f159c6cf400c57bac05f5ba1b0af7a86e
  Permission-Calendars: 61e3173e27d050c5f90e85e8d5d9cd4873162558
  Permission-Camera: cf14fb2d76432ee0f36546249ee608ef6037a23e
  Permission-Contacts: 72c74d9415090effa9e79c7fc46423ad5b3e020d
  Permission-FaceID: 57f30c981224753654df9350828dfbfc75dc5e83
  Permission-LocationAlways: af165dee8a5a5888df6764f9f6ba98b112893709
  Permission-LocationWhenInUse: e4a1bdc6b9f4a7a598613a6a748bd186e937df34
  Permission-MediaLibrary: 45ffd4ae96f5083e792486e5709dc286d35f338d
  Permission-Microphone: 744eafab00992871bd06b3e3f1cbc1ba5b024b58
  Permission-Motion: 56ef4acea709efb04eae387b83379481c595f7c3
  Permission-Notifications: e254bc5abf9c33a6ac6b9f68f4c406d5bf7ab46e
  Permission-PhotoLibrary: 6088ef4424a006e2bbf3ef6ccbca0f88fa1a52a4
  Permission-Reminders: 7649786f32be67a2d60e934fa532a35067f10e80
  Permission-Siri: dcbc10a4c8ec0589723ad8a6eccb6e2143d38bcf
  Permission-SpeechRecognition: 08fceb5a02fa486885f3fa052a792659e13ff684
  Permission-StoreKit: 0524d38fdb27b9109e5a29a8a2a549d98cf5fd7d
  PostHog: 716bb0e65134459b7d3955b02be2a420c574b914
  posthog-react-native-session-replay: 72dcfd00ab11fcc9f1552418823e422363855205
  PromisesObjC: f5707f49cb48b9636751c5b2e7d227e43fba9f47
  RCT-Folly: 8dc08ca5a393b48b1c523ab6220dfdcc0fe000ad
  RCTRequired: c52ee8fb2b35c1b54031dd8e92d88ad4dba8f2ce
  RCTTypeSafety: 75fa444becadf0ebfa0a456b8c64560c7c89c7df
  React: 3e5b3962f27b7334eaf5517a35b3434503df35ad
  React-callinvoker: c3a225610efe0caadac78da53b6fe78e53eb2b03
  React-Codegen: 2936584d13fc8d41e43ecf75189a695d82e65703
  React-Core: 9084216da71816ebc1961edd910eebd7c5218947
  React-CoreModules: 5a4fcb7c5520f918a70498a3450bce6eda8e3109
  React-cxxreact: f78070b70980e9e19fb448fec9d49a9181952535
  React-debug: 3e34ac6fb438f0e8c05a1678eedd6ebd8928245c
  React-hermes: c783d9dcf275ec48f97b164824dcdfdda480e6a6
  React-jsi: cc0d4c585001fca0979591587e00e6d2a4c13820
  React-jsiexecutor: a2b883b0e3fbc606a1e6e97a15059b71d6da1715
  React-jsinspector: d0b5bfd1085599265f4212034321e829bdf83cc0
  React-logger: 70abe174614ac3f165e02ab8300fec50d2f9572d
  react-native-castle: 3afd463c583e0a40ded9447e428292d666e57618
  react-native-compressor: 5e2eab33d28c0fd7269b09a0e885cfcd6db87bc4
  react-native-contacts: f551920b74ebfc5f7f6df307495f085e504a4369
  react-native-get-random-values: d16467cf726c618e9c7a8c3c39c31faa2244bbba
  react-native-hms: 5485b200376ea01be1199fe73614dc9165fd50bd
  react-native-image-picker: b981b88b807605540b2de3245c76e9729f418b37
  react-native-mmkv: d1feaafc858e6f623cb643135c6199deef7b78ec
  react-native-netinfo: cec9c4e86083cb5b6aba0e0711f563e2fbbff187
  react-native-orientation-locker: ee8bb2177365ca74f51dc1e11218fe544634d523
  react-native-pager-view: fc7b57d30e9bc63b5edd105274fb02efbb61d29c
  react-native-progress-bar-android: 70caf8832e7a6378a3340bc81f361f65ad406a54
  react-native-progress-view: bae9c45202f3de868c63f536857f6a589cd78610
  react-native-safe-area-context: 435f4c13ac75ceed6135382ee77d57d1a5b5b2d6
  react-native-video: 2aad0d963bf3952bd9ebb2f53fab799338e8e202
  react-native-volume-manager: d9d2863a2374420af89c89662333ea6adf506988
  react-native-webview: fa392a8a9c4655f282b87f7ec25bb62e98b71a73
  React-NativeModulesApple: 750dd4c1e34590b328a92b162aa49a9dc62b58fd
  React-perflogger: 3d501f34c8d4b10cb75f348e43591765788525ad
  React-RCTActionSheet: f5335572c979198c0c3daff67b07bd1ad8370c1d
  React-RCTAnimation: 897b1170a1e934dee9b7eb7d5582920dea72c1c8
  React-RCTAppDelegate: 9d36727255dce4051909b815bad233d1b6d1f278
  React-RCTBlob: 89e04df390b6019bb934d29c0f7a5a71707aa3f3
  React-RCTImage: 9f2303a18cec1f715a447dca5b82021643661e6b
  React-RCTLinking: f88453408f33a99f36bb4f6e11278ffbb81aa45f
  React-RCTNetwork: 5ef8d399ad389442404683d2572007ace0e26076
  React-RCTSettings: 516d917b059c94f33f85f601974429de7c3d34ca
  React-RCTText: afad390f3838f210c2bc9e1a19bb048003b2a771
  React-RCTVibration: 28cc9ac2c062b515f207a1743f0f27083d62acc5
  React-rncore: 50966ce412d63bee9ffe5c98249857c23870a3c4
  React-runtimeexecutor: d129f2b53d61298093d7c7d8ebfafa664f911ce6
  React-runtimescheduler: ab63569dd7d45b5a2c63b6d061bb6f9d445e8dee
  React-utils: c6588ff51931722e343f19192ac10d8276c6791a
  ReactCommon: 0e9e9334bfae7044f36d3d9865db134603f1d852
  RNCAsyncStorage: b94801a40fc7cf7f17f1af19a98b3a6337b96298
  RNCMaskedView: 4b5b12efdee55966f1d68f32d4b3401c2acf05c2
  RNDateTimePicker: 078355128345a5c07ec26ce51fd648d46678de97
  RNDeviceInfo: d863506092aef7e7af3a1c350c913d867d795047
  RNFBApp: aadada421dfe12b21692f6973e9501f45b0057ce
  RNFBMessaging: 66535c56b29b5c111deb3e61999069345f1ebe74
  RNFlashList: 23b2c67aa684179d29c8c2f468c6f5334e609951
  RNGestureHandler: 0f262c198cb413bc4935ebaa90ee3587beb9f34d
  RNLocalize: 60ebbb668e46d3b9f276aaf2db8ae5353b84e514
  RNNotifee: 8768d065bf1e2f9f8f347b4bd79147431c7eacd6
  RNPermissions: bd0d9ca7969ff7b999aa605ee2e5919c12522bfe
  RNReanimated: 6f3aaf59678d9743a4f609582b815c5608e5300c
  RNScreens: 7afd9548198f400c57a2b70f49e6389520e23ea9
  RNSound: 314cc5226453ef4a3314a196c65e8a65e5106a7b
  RNSVG: 4cab00c621b328a4a2fedaaedc15d8822216723e
  SocketRocket: f32cd54efbe0f095c4d7594881e52619cfe80b17
  Yoga: 65286bb6a07edce5e4fe8c90774da977ae8fc009

PODFILE CHECKSUM: 2e1bd9196f0e543f5c19586be850f05025c3be8e

COCOAPODS: 1.16.2
